
Microsoft Visual Studio Solution File, Format Version 12.00
# Visual Studio Version 17
VisualStudioVersion = 17.14.36221.1
MinimumVisualStudioVersion = 10.0.40219.1
Project("{2150E333-8FDC-42A3-9474-1A3956D46DE8}") = "misc", "misc", "{C841F5C2-8F30-5BE9-ECA6-260644CF6F9F}"
	ProjectSection(SolutionItems) = preProject
		.editorconfig = .editorconfig
		.gitattributes = .gitattributes
		.gitignore = .gitignore
		.config\dotnet-tools.json = .config\dotnet-tools.json
		icon.png = icon.png
		LICENSE = LICENSE
		.github\workflows\nuget-publish.yml = .github\workflows\nuget-publish.yml
		.husky\pre-commit = .husky\pre-commit
		readme.md = readme.md
		.husky\task-runner.json = .husky\task-runner.json
		version.json = version.json
	EndProjectSection
EndProject
Project("{FAE04EC0-301F-11D3-BF4B-00C04F79EFBC}") = "MarkdigExtensions.Query", "MarkdigExtensions.Query\MarkdigExtensions.Query.csproj", "{4E25AC4E-3E63-22FF-E584-A5812C8007F2}"
EndProject
Project("{FAE04EC0-301F-11D3-BF4B-00C04F79EFBC}") = "MarkdigExtensions.Query.Tests", "MarkdigExtensions.Query.Tests\MarkdigExtensions.Query.Tests.csproj", "{F6B087FF-C795-B69A-EB78-D789D03AA5FA}"
EndProject
Global
	GlobalSection(SolutionConfigurationPlatforms) = preSolution
		Debug|Any CPU = Debug|Any CPU
		Release|Any CPU = Release|Any CPU
	EndGlobalSection
	GlobalSection(ProjectConfigurationPlatforms) = postSolution
		{4E25AC4E-3E63-22FF-E584-A5812C8007F2}.Debug|Any CPU.ActiveCfg = Debug|Any CPU
		{4E25AC4E-3E63-22FF-E584-A5812C8007F2}.Debug|Any CPU.Build.0 = Debug|Any CPU
		{4E25AC4E-3E63-22FF-E584-A5812C8007F2}.Release|Any CPU.ActiveCfg = Release|Any CPU
		{4E25AC4E-3E63-22FF-E584-A5812C8007F2}.Release|Any CPU.Build.0 = Release|Any CPU
		{F6B087FF-C795-B69A-EB78-D789D03AA5FA}.Debug|Any CPU.ActiveCfg = Debug|Any CPU
		{F6B087FF-C795-B69A-EB78-D789D03AA5FA}.Debug|Any CPU.Build.0 = Debug|Any CPU
		{F6B087FF-C795-B69A-EB78-D789D03AA5FA}.Release|Any CPU.ActiveCfg = Release|Any CPU
		{F6B087FF-C795-B69A-EB78-D789D03AA5FA}.Release|Any CPU.Build.0 = Release|Any CPU
	EndGlobalSection
	GlobalSection(SolutionProperties) = preSolution
		HideSolutionNode = FALSE
	EndGlobalSection
	GlobalSection(ExtensibilityGlobals) = postSolution
		SolutionGuid = {510EF9C5-1988-4CCA-B025-E9C76A992B6B}
	EndGlobalSection
EndGlobal
